<?xml version="1.0" encoding="UTF-8" standalone="yes" ?>
<CodeBlocks_project_file>
	<FileVersion major="1" minor="6" />
	<Project>
		<Option title="c9y" />
		<Option pch_mode="2" />
		<Option compiler="gcc" />
		<Build>
			<Target title="c9y (Debug)">
				<Option output="bin\Debug\c9y" prefix_auto="1" extension_auto="1" />
				<Option object_output="obj\Debug\" />
				<Option type="3" />
				<Option compiler="gcc" />
				<Option createDefFile="1" />
				<Option createStaticLib="1" />
				<Compiler>
					<Add option="-Wall" />
					<Add option="-g" />
					<Add option="-DBUILD_DLL" />
					<Add directory="include\c9y" />
				</Compiler>
				<Linker>
					<Add library="sigc++" />
				</Linker>
			</Target>
			<Target title="c9y (Release)">
				<Option output="bin\Release\c9y" prefix_auto="1" extension_auto="1" />
				<Option object_output="obj\Release\" />
				<Option type="3" />
				<Option compiler="gcc" />
				<Option createDefFile="1" />
				<Option createStaticLib="1" />
				<Compiler>
					<Add option="-O2" />
					<Add option="-Wall" />
					<Add option="-DBUILD_DLL" />
					<Add directory="include\c9y" />
				</Compiler>
				<Linker>
					<Add option="-s" />
					<Add library="sigc++" />
				</Linker>
			</Target>
			<Target title="c9y_unit_test (Debug)">
				<Option output="bin\Debug\c9y_unit_test" prefix_auto="1" extension_auto="1" />
				<Option object_output="obj\Debug\" />
				<Option type="1" />
				<Option compiler="gcc" />
				<Compiler>
					<Add option="-Wall" />
					<Add option="-g" />
					<Add option="-DBUILD_DLL" />
					<Add directory="include" />
				</Compiler>
				<Linker>
					<Add library="c9y" />
					<Add library="sigc++" />
					<Add library="UnitTest++" />
					<Add directory="bin\Debug" />
				</Linker>
				<ExtraCommands>
					<Add after="test\c9y_unit_test.bat $(TARGET_OUTPUT_DIR) $(#sigc)" />
					<Mode after="always" />
				</ExtraCommands>
			</Target>
			<Target title="c9y_unit_test (Release)">
				<Option output="bin\Release\c9y_unit_test" prefix_auto="1" extension_auto="1" />
				<Option object_output="obj\Release\" />
				<Option type="1" />
				<Option compiler="gcc" />
				<Compiler>
					<Add option="-O2" />
					<Add option="-Wall" />
					<Add option="-DBUILD_DLL" />
					<Add directory="include" />
				</Compiler>
				<Linker>
					<Add option="-s" />
					<Add library="c9y" />
					<Add library="sigc++" />
					<Add library="UnitTest++" />
					<Add directory="bin\Release" />
				</Linker>
				<ExtraCommands>
					<Add after="test\c9y_unit_test.bat $(TARGET_OUTPUT_DIR) $(#sigc)" />
					<Mode after="always" />
				</ExtraCommands>
			</Target>
		</Build>
		<VirtualTargets>
			<Add alias="Debug" targets="c9y (Debug);c9y_unit_test (Debug);" />
			<Add alias="Release" targets="c9y (Release);c9y_unit_test (Release);" />
		</VirtualTargets>
		<Compiler>
			<Add directory="$(#sigc.include)" />
			<Add directory="$(#unittest.include)" />
		</Compiler>
		<Linker>
			<Add directory="$(#sigc.lib)" />
			<Add directory="$(#unittest.lib)" />
		</Linker>
		<Unit filename="include\c9y\Condition.h">
			<Option target="c9y (Debug)" />
			<Option target="c9y (Release)" />
		</Unit>
		<Unit filename="include\c9y\Lock.h">
			<Option target="c9y (Debug)" />
			<Option target="c9y (Release)" />
		</Unit>
		<Unit filename="include\c9y\Mutex.h">
			<Option target="c9y (Debug)" />
			<Option target="c9y (Release)" />
		</Unit>
		<Unit filename="include\c9y\Thread.h">
			<Option target="c9y (Debug)" />
			<Option target="c9y (Release)" />
		</Unit>
		<Unit filename="src\win32\Condition.cpp">
			<Option target="c9y (Debug)" />
			<Option target="c9y (Release)" />
		</Unit>
		<Unit filename="src\win32\Mutex.cpp">
			<Option target="c9y (Debug)" />
			<Option target="c9y (Release)" />
		</Unit>
		<Unit filename="src\win32\Thread.cpp">
			<Option target="c9y (Debug)" />
			<Option target="c9y (Release)" />
		</Unit>
		<Unit filename="test\ConditionTest.cpp">
			<Option target="c9y_unit_test (Debug)" />
			<Option target="c9y_unit_test (Release)" />
		</Unit>
		<Unit filename="test\MutexTest.cpp">
			<Option target="c9y_unit_test (Debug)" />
			<Option target="c9y_unit_test (Release)" />
		</Unit>
		<Unit filename="test\ThreadTest.cpp">
			<Option target="c9y_unit_test (Debug)" />
			<Option target="c9y_unit_test (Release)" />
		</Unit>
		<Unit filename="test\c9y_unit_test.cpp">
			<Option target="c9y_unit_test (Debug)" />
			<Option target="c9y_unit_test (Release)" />
		</Unit>
		<Extensions>
			<code_completion />
			<envvars />
			<debugger />
			<lib_finder disable_auto="1" />
		</Extensions>
	</Project>
</CodeBlocks_project_file>
